
Microsoft Visual Studio Solution File, Format Version 12.00
# Visual Studio Version 16
VisualStudioVersion = 16.0.29424.173
MinimumVisualStudioVersion = 10.0.40219.1
Project("{FAE04EC0-301F-11D3-BF4B-00C04F79EFBC}") = "WcfNumberConverter_lab", "WcfNumberConverter_lab\WcfNumberConverter_lab.csproj", "{47A6A614-6245-4A72-A820-827D508BBB14}"
EndProject
Global
	GlobalSection(SolutionConfigurationPlatforms) = preSolution
		Debug|Any CPU = Debug|Any CPU
		Release|Any CPU = Release|Any CPU
	EndGlobalSection
	GlobalSection(ProjectConfigurationPlatforms) = postSolution
		{47A6A614-6245-4A72-A820-827D508BBB14}.Debug|Any CPU.ActiveCfg = Debug|Any CPU
		{47A6A614-6245-4A72-A820-827D508BBB14}.Debug|Any CPU.Build.0 = Debug|Any CPU
		{47A6A614-6245-4A72-A820-827D508BBB14}.Release|Any CPU.ActiveCfg = Release|Any CPU
		{47A6A614-6245-4A72-A820-827D508BBB14}.Release|Any CPU.Build.0 = Release|Any CPU
	EndGlobalSection
	GlobalSection(SolutionProperties) = preSolution
		HideSolutionNode = FALSE
	EndGlobalSection
	GlobalSection(ExtensibilityGlobals) = postSolution
		SolutionGuid = {AE0056D1-9CA3-43B4-9C36-721B4E433F92}
	EndGlobalSection
EndGlobal
